{
  "name": "pega-mobile-quality-check",
  "version": "1.0.0",
  "lockfileVersion": 1,
  "requires": true,
  "dependencies": {
    "pega-model": {
      "version": "git+ssh://git@github.com/KnowledgeExpert/pega-model.git#39c80bb2d803a95accde8caeef5b597027c6d1c8",
      "from": "git+ssh://git@github.com/KnowledgeExpert/pega-model.git"
    },
    "test-maker": {
      "version": "github:KnowledgeExpert/test-maker#baf7f6f9a59e0c645e984130aaa18d9efcb45c1a",
      "from": "github:KnowledgeExpert/test-maker"
    }
  }
}
